
Microsoft Visual Studio Solution File, Format Version 12.00
# Visual Studio Version 16
VisualStudioVersion = 16.0.31424.327
MinimumVisualStudioVersion = 10.0.40219.1
Project("{8BC9CEB8-8B4A-11D0-8D11-00A0C91BC942}") = "KMP", "KMP\KMP.vcxproj", "{C404DA98-E5EC-42BD-BB1E-C10DF2A7060A}"
EndProject
Global
	GlobalSection(SolutionConfigurationPlatforms) = preSolution
		Debug|x64 = Debug|x64
		Debug|x86 = Debug|x86
		Release|x64 = Release|x64
		Release|x86 = Release|x86
	EndGlobalSection
	GlobalSection(ProjectConfigurationPlatforms) = postSolution
		{C404DA98-E5EC-42BD-BB1E-C10DF2A7060A}.Debug|x64.ActiveCfg = Debug|x64
		{C404DA98-E5EC-42BD-BB1E-C10DF2A7060A}.Debug|x64.Build.0 = Debug|x64
		{C404DA98-E5EC-42BD-BB1E-C10DF2A7060A}.Debug|x86.ActiveCfg = Debug|Win32
		{C404DA98-E5EC-42BD-BB1E-C10DF2A7060A}.Debug|x86.Build.0 = Debug|Win32
		{C404DA98-E5EC-42BD-BB1E-C10DF2A7060A}.Release|x64.ActiveCfg = Release|x64
		{C404DA98-E5EC-42BD-BB1E-C10DF2A7060A}.Release|x64.Build.0 = Release|x64
		{C404DA98-E5EC-42BD-BB1E-C10DF2A7060A}.Release|x86.ActiveCfg = Release|Win32
		{C404DA98-E5EC-42BD-BB1E-C10DF2A7060A}.Release|x86.Build.0 = Release|Win32
	EndGlobalSection
	GlobalSection(SolutionProperties) = preSolution
		HideSolutionNode = FALSE
	EndGlobalSection
	GlobalSection(ExtensibilityGlobals) = postSolution
		SolutionGuid = {17E49403-59C8-496F-888B-4A84F259EBF9}
	EndGlobalSection
EndGlobal
